// !$*UTF8*$!
{
	archiveVersion = 1;
	classes = {
	};
	objectVersion = 46;
	objects = {

/* Begin PBXBuildFile section */
		827A896E1EC4457700A00487 /* main.cpp in Sources */ = {isa = PBXBuildFile; fileRef = 827A896D1EC4457700A00487 /* main.cpp */; };
		827A89761EC4458100A00487 /* GLUT.framework in Frameworks */ = {isa = PBXBuildFile; fileRef = 827A89741EC4458100A00487 /* GLUT.framework */; };
		827A89771EC4458100A00487 /* OpenGL.framework in Frameworks */ = {isa = PBXBuildFile; fileRef = 827A89751EC4458100A00487 /* OpenGL.framework */; };
/* End PBXBuildFile section */

/* Begin PBXCopyFilesBuildPhase section */
		827A89681EC4457700A00487 /* CopyFiles */ = {
			isa = PBXCopyFilesBuildPhase;
			buildActionMask = 2147483647;
			dstPath = /usr/share/man/man1/;
			dstSubfolderSpec = 0;
			files = (
			);
			runOnlyForDeploymentPostprocessing = 1;
		};
/* End PBXCopyFilesBuildPhase section */

/* Begin PBXFileReference section */
		827A896A1EC4457700A00487 /* graphic_4_homework */ = {isa = PBXFileReference; explicitFileType = "compiled.mach-o.executable"; includeInIndex = 0; path = graphic_4_homework; sourceTree = BUILT_PRODUCTS_DIR; };
		827A896D1EC4457700A00487 /* main.cpp */ = {isa = PBXFileReference; lastKnownFileType = sourcecode.cpp.cpp; path = main.cpp; sourceTree = "<group>"; };
		827A89741EC4458100A00487 /* GLUT.framework */ = {isa = PBXFileReference; lastKnownFileType = wrapper.framework; name = GLUT.framework; path = System/Library/Frameworks/GLUT.framework; sourceTree = SDKROOT; };
		827A89751EC4458100A00487 /* OpenGL.framework */ = {isa = PBXFileReference; lastKnownFileType = wrapper.framework; name = OpenGL.framework; path = System/Library/Frameworks/OpenGL.framework; sourceTree = SDKROOT; };
/* End PBXFileReference section */

/* Begin PBXFrameworksBuildPhase section */
		827A89671EC4457700A00487 /* Frameworks */ = {
			isa = PBXFrameworksBuildPhase;
			buildActionMask = 2147483647;
			files = (
				827A89761EC4458100A00487 /* GLUT.framework in Frameworks */,
				827A89771EC4458100A00487 /* OpenGL.framework in Frameworks */,
			);
			runOnlyForDeploymentPostprocessing = 0;
		};
/* End PBXFrameworksBuildPhase section */

/* Begin PBXGroup section */
		827A89611EC4457700A00487 = {
			isa = PBXGroup;
			children = (
				827A89741EC4458100A00487 /* GLUT.framework */,
				827A89751EC4458100A00487 /* OpenGL.framework */,
				827A896C1EC4457700A00487 /* graphic_4_homework */,
				827A896B1EC4457700A00487 /* Products */,
			);
			sourceTree = "<group>";
		};
		827A896B1EC4457700A00487 /* Products */ = {
			isa = PBXGroup;
			children = (
				827A896A1EC4457700A00487 /* graphic_4_homework */,
			);
			name = Products;
			sourceTree = "<group>";
		};
		827A896C1EC4457700A00487 /* graphic_4_homework */ = {
			isa = PBXGroup;
			children = (
				827A896D1EC4457700A00487 /* main.cpp */,
			);
			path = graphic_4_homework;
			sourceTree = "<group>";
		};
/* End PBXGroup section */

/* Begin PBXNativeTarget section */
		827A89691EC4457700A00487 /* graphic_4_homework */ = {
			isa = PBXNativeTarget;
			buildConfigurationList = 827A89711EC4457700A00487 /* Build configuration list for PBXNativeTarget "graphic_4_homework" */;
			buildPhases = (
				827A89661EC4457700A00487 /* Sources */,
				827A89671EC4457700A00487 /* Frameworks */,
				827A89681EC4457700A00487 /* CopyFiles */,
			);
			buildRules = (
			);
			dependencies = (
			);
			name = graphic_4_homework;
			productName = graphic_4_homework;
			productReference = 827A896A1EC4457700A00487 /* graphic_4_homework */;
			productType = "com.apple.product-type.tool";
		};
/* End PBXNativeTarget section */

/* Begin PBXProject section */
		827A89621EC4457700A00487 /* Project object */ = {
			isa = PBXProject;
			attributes = {
				LastUpgradeCheck = 0640;
				ORGANIZATIONNAME = "渡辺　基暉";
				TargetAttributes = {
					827A89691EC4457700A00487 = {
						CreatedOnToolsVersion = 6.4;
					};
				};
			};
			buildConfigurationList = 827A89651EC4457700A00487 /* Build configuration list for PBXProject "graphic_4_homework" */;
			compatibilityVersion = "Xcode 3.2";
			developmentRegion = English;
			hasScannedForEncodings = 0;
			knownRegions = (
				en,
			);
			mainGroup = 827A89611EC4457700A00487;
			productRefGroup = 827A896B1EC4457700A00487 /* Products */;
			projectDirPath = "";
			projectRoot = "";
			targets = (
				827A89691EC4457700A00487 /* graphic_4_homework */,
			);
		};
/* End PBXProject section */

/* Begin PBXSourcesBuildPhase section */
		827A89661EC4457700A00487 /* Sources */ = {
			isa = PBXSourcesBuildPhase;
			buildActionMask = 2147483647;
			files = (
				827A896E1EC4457700A00487 /* main.cpp in Sources */,
			);
			runOnlyForDeploymentPostprocessing = 0;
		};
/* End PBXSourcesBuildPhase section */

/* Begin XCBuildConfiguration section */
		827A896F1EC4457700A00487 /* Debug */ = {
			isa = XCBuildConfiguration;
			buildSettings = {
				ALWAYS_SEARCH_USER_PATHS = NO;
				CLANG_CXX_LANGUAGE_STANDARD = "gnu++0x";
				CLANG_CXX_LIBRARY = "libc++";
				CLANG_ENABLE_MODULES = YES;
				CLANG_ENABLE_OBJC_ARC = YES;
				CLANG_WARN_BOOL_CONVERSION = YES;
				CLANG_WARN_CONSTANT_CONVERSION = YES;
				CLANG_WARN_DIRECT_OBJC_ISA_USAGE = YES_ERROR;
				CLANG_WARN_EMPTY_BODY = YES;
				CLANG_WARN_ENUM_CONVERSION = YES;
				CLANG_WARN_INT_CONVERSION = YES;
				CLANG_WARN_OBJC_ROOT_CLASS = YES_ERROR;
				CLANG_WARN_UNREACHABLE_CODE = YES;
				CLANG_WARN__DUPLICATE_METHOD_MATCH = YES;
				COPY_PHASE_STRIP = NO;
				DEBUG_INFORMATION_FORMAT = dwarf;
				ENABLE_STRICT_OBJC_MSGSEND = YES;
				GCC_C_LANGUAGE_STANDARD = gnu99;
				GCC_DYNAMIC_NO_PIC = NO;
				GCC_NO_COMMON_BLOCKS = YES;
				GCC_OPTIMIZATION_LEVEL = 0;
				GCC_PREPROCESSOR_DEFINITIONS = (
					"DEBUG=1",
					"$(inherited)",
				);
				GCC_SYMBOLS_PRIVATE_EXTERN = NO;
				GCC_WARN_64_TO_32_BIT_CONVERSION = YES;
				GCC_WARN_ABOUT_RETURN_TYPE = YES_ERROR;
				GCC_WARN_UNDECLARED_SELECTOR = YES;
				GCC_WARN_UNINITIALIZED_AUTOS = YES_AGGRESSIVE;
				GCC_WARN_UNUSED_FUNCTION = YES;
				GCC_WARN_UNUSED_VARIABLE = YES;
				MACOSX_DEPLOYMENT_TARGET = 10.10;
				MTL_ENABLE_DEBUG_INFO = YES;
				ONLY_ACTIVE_ARCH = YES;
				SDKROOT = macosx;
			};
			name = Debug;
		};
		827A89701EC4457700A00487 /* Release */ = {
			isa = XCBuildConfiguration;
			buildSettings = {
				ALWAYS_SEARCH_USER_PATHS = NO;
				CLANG_CXX_LANGUAGE_STANDARD = "gnu++0x";
				CLANG_CXX_LIBRARY = "libc++";
				CLANG_ENABLE_MODULES = YES;
				CLANG_ENABLE_OBJC_ARC = YES;
				CLANG_WARN_BOOL_CONVERSION = YES;
				CLANG_WARN_CONSTANT_CONVERSION = YES;
				CLANG_WARN_DIRECT_OBJC_ISA_USAGE = YES_ERROR;
				CLANG_WARN_EMPTY_BODY = YES;
				CLANG_WARN_ENUM_CONVERSION = YES;
				CLANG_WARN_INT_CONVERSION = YES;
				CLANG_WARN_OBJC_ROOT_CLASS = YES_ERROR;
				CLANG_WARN_UNREACHABLE_CODE = YES;
				CLANG_WARN__DUPLICATE_METHOD_MATCH = YES;
				COPY_PHASE_STRIP = NO;
				DEBUG_INFORMATION_FORMAT = "dwarf-with-dsym";
				ENABLE_NS_ASSERTIONS = NO;
				ENABLE_STRICT_OBJC_MSGSEND = YES;
				GCC_C_LANGUAGE_STANDARD = gnu99;
				GCC_NO_COMMON_BLOCKS = YES;
				GCC_WARN_64_TO_32_BIT_CONVERSION = YES;
				GCC_WARN_ABOUT_RETURN_TYPE = YES_ERROR;
				GCC_WARN_UNDECLARED_SELECTOR = YES;
				GCC_WARN_UNINITIALIZED_AUTOS = YES_AGGRESSIVE;
				GCC_WARN_UNUSED_FUNCTION = YES;
				GCC_WARN_UNUSED_VARIABLE = YES;
				MACOSX_DEPLOYMENT_TARGET = 10.10;
				MTL_ENABLE_DEBUG_INFO = NO;
				SDKROOT = macosx;
			};
			name = Release;
		};
		827A89721EC4457700A00487 /* Debug */ = {
			isa = XCBuildConfiguration;
			buildSettings = {
				PRODUCT_NAME = "$(TARGET_NAME)";
			};
			name = Debug;
		};
		827A89731EC4457700A00487 /* Release */ = {
			isa = XCBuildConfiguration;
			buildSettings = {
				PRODUCT_NAME = "$(TARGET_NAME)";
			};
			name = Release;
		};
/* End XCBuildConfiguration section */

/* Begin XCConfigurationList section */
		827A89651EC4457700A00487 /* Build configuration list for PBXProject "graphic_4_homework" */ = {
			isa = XCConfigurationList;
			buildConfigurations = (
				827A896F1EC4457700A00487 /* Debug */,
				827A89701EC4457700A00487 /* Release */,
			);
			defaultConfigurationIsVisible = 0;
			defaultConfigurationName = Release;
		};
		827A89711EC4457700A00487 /* Build configuration list for PBXNativeTarget "graphic_4_homework" */ = {
			isa = XCConfigurationList;
			buildConfigurations = (
				827A89721EC4457700A00487 /* Debug */,
				827A89731EC4457700A00487 /* Release */,
			);
			defaultConfigurationIsVisible = 0;
		};
/* End XCConfigurationList section */
	};
	rootObject = 827A89621EC4457700A00487 /* Project object */;
}
