// !$*UTF8*$!
{
	archiveVersion = 1;
	classes = {
	};
	objectVersion = 46;
	objects = {

/* Begin PBXBuildFile section */
		82220E301EA889FA001E030D /* main.cpp in Sources */ = {isa = PBXBuildFile; fileRef = 82220E2F1EA889FA001E030D /* main.cpp */; };
		82220E381EA88A90001E030D /* GLUT.framework in Frameworks */ = {isa = PBXBuildFile; fileRef = 82220E361EA88A90001E030D /* GLUT.framework */; };
		82220E391EA88A90001E030D /* OpenGL.framework in Frameworks */ = {isa = PBXBuildFile; fileRef = 82220E371EA88A90001E030D /* OpenGL.framework */; };
/* End PBXBuildFile section */

/* Begin PBXCopyFilesBuildPhase section */
		82220E2A1EA889FA001E030D /* CopyFiles */ = {
			isa = PBXCopyFilesBuildPhase;
			buildActionMask = 2147483647;
			dstPath = /usr/share/man/man1/;
			dstSubfolderSpec = 0;
			files = (
			);
			runOnlyForDeploymentPostprocessing = 1;
		};
/* End PBXCopyFilesBuildPhase section */

/* Begin PBXFileReference section */
		82220E2C1EA889FA001E030D /* graphic_second_2 */ = {isa = PBXFileReference; explicitFileType = "compiled.mach-o.executable"; includeInIndex = 0; path = graphic_second_2; sourceTree = BUILT_PRODUCTS_DIR; };
		82220E2F1EA889FA001E030D /* main.cpp */ = {isa = PBXFileReference; lastKnownFileType = sourcecode.cpp.cpp; path = main.cpp; sourceTree = "<group>"; };
		82220E361EA88A90001E030D /* GLUT.framework */ = {isa = PBXFileReference; lastKnownFileType = wrapper.framework; name = GLUT.framework; path = System/Library/Frameworks/GLUT.framework; sourceTree = SDKROOT; };
		82220E371EA88A90001E030D /* OpenGL.framework */ = {isa = PBXFileReference; lastKnownFileType = wrapper.framework; name = OpenGL.framework; path = System/Library/Frameworks/OpenGL.framework; sourceTree = SDKROOT; };
/* End PBXFileReference section */

/* Begin PBXFrameworksBuildPhase section */
		82220E291EA889FA001E030D /* Frameworks */ = {
			isa = PBXFrameworksBuildPhase;
			buildActionMask = 2147483647;
			files = (
				82220E381EA88A90001E030D /* GLUT.framework in Frameworks */,
				82220E391EA88A90001E030D /* OpenGL.framework in Frameworks */,
			);
			runOnlyForDeploymentPostprocessing = 0;
		};
/* End PBXFrameworksBuildPhase section */

/* Begin PBXGroup section */
		82220E231EA889FA001E030D = {
			isa = PBXGroup;
			children = (
				82220E361EA88A90001E030D /* GLUT.framework */,
				82220E371EA88A90001E030D /* OpenGL.framework */,
				82220E2E1EA889FA001E030D /* graphic_second_2 */,
				82220E2D1EA889FA001E030D /* Products */,
			);
			sourceTree = "<group>";
		};
		82220E2D1EA889FA001E030D /* Products */ = {
			isa = PBXGroup;
			children = (
				82220E2C1EA889FA001E030D /* graphic_second_2 */,
			);
			name = Products;
			sourceTree = "<group>";
		};
		82220E2E1EA889FA001E030D /* graphic_second_2 */ = {
			isa = PBXGroup;
			children = (
				82220E2F1EA889FA001E030D /* main.cpp */,
			);
			path = graphic_second_2;
			sourceTree = "<group>";
		};
/* End PBXGroup section */

/* Begin PBXNativeTarget section */
		82220E2B1EA889FA001E030D /* graphic_second_2 */ = {
			isa = PBXNativeTarget;
			buildConfigurationList = 82220E331EA889FA001E030D /* Build configuration list for PBXNativeTarget "graphic_second_2" */;
			buildPhases = (
				82220E281EA889FA001E030D /* Sources */,
				82220E291EA889FA001E030D /* Frameworks */,
				82220E2A1EA889FA001E030D /* CopyFiles */,
			);
			buildRules = (
			);
			dependencies = (
			);
			name = graphic_second_2;
			productName = graphic_second_2;
			productReference = 82220E2C1EA889FA001E030D /* graphic_second_2 */;
			productType = "com.apple.product-type.tool";
		};
/* End PBXNativeTarget section */

/* Begin PBXProject section */
		82220E241EA889FA001E030D /* Project object */ = {
			isa = PBXProject;
			attributes = {
				LastUpgradeCheck = 0640;
				ORGANIZATIONNAME = "渡辺　基暉";
				TargetAttributes = {
					82220E2B1EA889FA001E030D = {
						CreatedOnToolsVersion = 6.4;
					};
				};
			};
			buildConfigurationList = 82220E271EA889FA001E030D /* Build configuration list for PBXProject "graphic_second_2" */;
			compatibilityVersion = "Xcode 3.2";
			developmentRegion = English;
			hasScannedForEncodings = 0;
			knownRegions = (
				en,
			);
			mainGroup = 82220E231EA889FA001E030D;
			productRefGroup = 82220E2D1EA889FA001E030D /* Products */;
			projectDirPath = "";
			projectRoot = "";
			targets = (
				82220E2B1EA889FA001E030D /* graphic_second_2 */,
			);
		};
/* End PBXProject section */

/* Begin PBXSourcesBuildPhase section */
		82220E281EA889FA001E030D /* Sources */ = {
			isa = PBXSourcesBuildPhase;
			buildActionMask = 2147483647;
			files = (
				82220E301EA889FA001E030D /* main.cpp in Sources */,
			);
			runOnlyForDeploymentPostprocessing = 0;
		};
/* End PBXSourcesBuildPhase section */

/* Begin XCBuildConfiguration section */
		82220E311EA889FA001E030D /* Debug */ = {
			isa = XCBuildConfiguration;
			buildSettings = {
				ALWAYS_SEARCH_USER_PATHS = NO;
				CLANG_CXX_LANGUAGE_STANDARD = "gnu++0x";
				CLANG_CXX_LIBRARY = "libc++";
				CLANG_ENABLE_MODULES = YES;
				CLANG_ENABLE_OBJC_ARC = YES;
				CLANG_WARN_BOOL_CONVERSION = YES;
				CLANG_WARN_CONSTANT_CONVERSION = YES;
				CLANG_WARN_DIRECT_OBJC_ISA_USAGE = YES_ERROR;
				CLANG_WARN_EMPTY_BODY = YES;
				CLANG_WARN_ENUM_CONVERSION = YES;
				CLANG_WARN_INT_CONVERSION = YES;
				CLANG_WARN_OBJC_ROOT_CLASS = YES_ERROR;
				CLANG_WARN_UNREACHABLE_CODE = YES;
				CLANG_WARN__DUPLICATE_METHOD_MATCH = YES;
				COPY_PHASE_STRIP = NO;
				DEBUG_INFORMATION_FORMAT = dwarf;
				ENABLE_STRICT_OBJC_MSGSEND = YES;
				GCC_C_LANGUAGE_STANDARD = gnu99;
				GCC_DYNAMIC_NO_PIC = NO;
				GCC_NO_COMMON_BLOCKS = YES;
				GCC_OPTIMIZATION_LEVEL = 0;
				GCC_PREPROCESSOR_DEFINITIONS = (
					"DEBUG=1",
					"$(inherited)",
				);
				GCC_SYMBOLS_PRIVATE_EXTERN = NO;
				GCC_WARN_64_TO_32_BIT_CONVERSION = YES;
				GCC_WARN_ABOUT_RETURN_TYPE = YES_ERROR;
				GCC_WARN_UNDECLARED_SELECTOR = YES;
				GCC_WARN_UNINITIALIZED_AUTOS = YES_AGGRESSIVE;
				GCC_WARN_UNUSED_FUNCTION = YES;
				GCC_WARN_UNUSED_VARIABLE = YES;
				MACOSX_DEPLOYMENT_TARGET = 10.10;
				MTL_ENABLE_DEBUG_INFO = YES;
				ONLY_ACTIVE_ARCH = YES;
				SDKROOT = macosx;
			};
			name = Debug;
		};
		82220E321EA889FA001E030D /* Release */ = {
			isa = XCBuildConfiguration;
			buildSettings = {
				ALWAYS_SEARCH_USER_PATHS = NO;
				CLANG_CXX_LANGUAGE_STANDARD = "gnu++0x";
				CLANG_CXX_LIBRARY = "libc++";
				CLANG_ENABLE_MODULES = YES;
				CLANG_ENABLE_OBJC_ARC = YES;
				CLANG_WARN_BOOL_CONVERSION = YES;
				CLANG_WARN_CONSTANT_CONVERSION = YES;
				CLANG_WARN_DIRECT_OBJC_ISA_USAGE = YES_ERROR;
				CLANG_WARN_EMPTY_BODY = YES;
				CLANG_WARN_ENUM_CONVERSION = YES;
				CLANG_WARN_INT_CONVERSION = YES;
				CLANG_WARN_OBJC_ROOT_CLASS = YES_ERROR;
				CLANG_WARN_UNREACHABLE_CODE = YES;
				CLANG_WARN__DUPLICATE_METHOD_MATCH = YES;
				COPY_PHASE_STRIP = NO;
				DEBUG_INFORMATION_FORMAT = "dwarf-with-dsym";
				ENABLE_NS_ASSERTIONS = NO;
				ENABLE_STRICT_OBJC_MSGSEND = YES;
				GCC_C_LANGUAGE_STANDARD = gnu99;
				GCC_NO_COMMON_BLOCKS = YES;
				GCC_WARN_64_TO_32_BIT_CONVERSION = YES;
				GCC_WARN_ABOUT_RETURN_TYPE = YES_ERROR;
				GCC_WARN_UNDECLARED_SELECTOR = YES;
				GCC_WARN_UNINITIALIZED_AUTOS = YES_AGGRESSIVE;
				GCC_WARN_UNUSED_FUNCTION = YES;
				GCC_WARN_UNUSED_VARIABLE = YES;
				MACOSX_DEPLOYMENT_TARGET = 10.10;
				MTL_ENABLE_DEBUG_INFO = NO;
				SDKROOT = macosx;
			};
			name = Release;
		};
		82220E341EA889FA001E030D /* Debug */ = {
			isa = XCBuildConfiguration;
			buildSettings = {
				PRODUCT_NAME = "$(TARGET_NAME)";
			};
			name = Debug;
		};
		82220E351EA889FA001E030D /* Release */ = {
			isa = XCBuildConfiguration;
			buildSettings = {
				PRODUCT_NAME = "$(TARGET_NAME)";
			};
			name = Release;
		};
/* End XCBuildConfiguration section */

/* Begin XCConfigurationList section */
		82220E271EA889FA001E030D /* Build configuration list for PBXProject "graphic_second_2" */ = {
			isa = XCConfigurationList;
			buildConfigurations = (
				82220E311EA889FA001E030D /* Debug */,
				82220E321EA889FA001E030D /* Release */,
			);
			defaultConfigurationIsVisible = 0;
			defaultConfigurationName = Release;
		};
		82220E331EA889FA001E030D /* Build configuration list for PBXNativeTarget "graphic_second_2" */ = {
			isa = XCConfigurationList;
			buildConfigurations = (
				82220E341EA889FA001E030D /* Debug */,
				82220E351EA889FA001E030D /* Release */,
			);
			defaultConfigurationIsVisible = 0;
		};
/* End XCConfigurationList section */
	};
	rootObject = 82220E241EA889FA001E030D /* Project object */;
}
