// !$*UTF8*$!
{
	archiveVersion = 1;
	classes = {
	};
	objectVersion = 46;
	objects = {

/* Begin PBXBuildFile section */
		824D15101ECD725500DC8A4D /* main.cpp in Sources */ = {isa = PBXBuildFile; fileRef = 824D150F1ECD725500DC8A4D /* main.cpp */; };
		824D15181ECD726100DC8A4D /* GLUT.framework in Frameworks */ = {isa = PBXBuildFile; fileRef = 824D15161ECD726100DC8A4D /* GLUT.framework */; };
		824D15191ECD726100DC8A4D /* OpenGL.framework in Frameworks */ = {isa = PBXBuildFile; fileRef = 824D15171ECD726100DC8A4D /* OpenGL.framework */; };
/* End PBXBuildFile section */

/* Begin PBXCopyFilesBuildPhase section */
		824D150A1ECD725500DC8A4D /* CopyFiles */ = {
			isa = PBXCopyFilesBuildPhase;
			buildActionMask = 2147483647;
			dstPath = /usr/share/man/man1/;
			dstSubfolderSpec = 0;
			files = (
			);
			runOnlyForDeploymentPostprocessing = 1;
		};
/* End PBXCopyFilesBuildPhase section */

/* Begin PBXFileReference section */
		824D150C1ECD725500DC8A4D /* graphic_5_1 */ = {isa = PBXFileReference; explicitFileType = "compiled.mach-o.executable"; includeInIndex = 0; path = graphic_5_1; sourceTree = BUILT_PRODUCTS_DIR; };
		824D150F1ECD725500DC8A4D /* main.cpp */ = {isa = PBXFileReference; lastKnownFileType = sourcecode.cpp.cpp; path = main.cpp; sourceTree = "<group>"; };
		824D15161ECD726100DC8A4D /* GLUT.framework */ = {isa = PBXFileReference; lastKnownFileType = wrapper.framework; name = GLUT.framework; path = System/Library/Frameworks/GLUT.framework; sourceTree = SDKROOT; };
		824D15171ECD726100DC8A4D /* OpenGL.framework */ = {isa = PBXFileReference; lastKnownFileType = wrapper.framework; name = OpenGL.framework; path = System/Library/Frameworks/OpenGL.framework; sourceTree = SDKROOT; };
/* End PBXFileReference section */

/* Begin PBXFrameworksBuildPhase section */
		824D15091ECD725500DC8A4D /* Frameworks */ = {
			isa = PBXFrameworksBuildPhase;
			buildActionMask = 2147483647;
			files = (
				824D15181ECD726100DC8A4D /* GLUT.framework in Frameworks */,
				824D15191ECD726100DC8A4D /* OpenGL.framework in Frameworks */,
			);
			runOnlyForDeploymentPostprocessing = 0;
		};
/* End PBXFrameworksBuildPhase section */

/* Begin PBXGroup section */
		824D15031ECD725500DC8A4D = {
			isa = PBXGroup;
			children = (
				824D15161ECD726100DC8A4D /* GLUT.framework */,
				824D15171ECD726100DC8A4D /* OpenGL.framework */,
				824D150E1ECD725500DC8A4D /* graphic_5_1 */,
				824D150D1ECD725500DC8A4D /* Products */,
			);
			sourceTree = "<group>";
		};
		824D150D1ECD725500DC8A4D /* Products */ = {
			isa = PBXGroup;
			children = (
				824D150C1ECD725500DC8A4D /* graphic_5_1 */,
			);
			name = Products;
			sourceTree = "<group>";
		};
		824D150E1ECD725500DC8A4D /* graphic_5_1 */ = {
			isa = PBXGroup;
			children = (
				824D150F1ECD725500DC8A4D /* main.cpp */,
			);
			path = graphic_5_1;
			sourceTree = "<group>";
		};
/* End PBXGroup section */

/* Begin PBXNativeTarget section */
		824D150B1ECD725500DC8A4D /* graphic_5_1 */ = {
			isa = PBXNativeTarget;
			buildConfigurationList = 824D15131ECD725500DC8A4D /* Build configuration list for PBXNativeTarget "graphic_5_1" */;
			buildPhases = (
				824D15081ECD725500DC8A4D /* Sources */,
				824D15091ECD725500DC8A4D /* Frameworks */,
				824D150A1ECD725500DC8A4D /* CopyFiles */,
			);
			buildRules = (
			);
			dependencies = (
			);
			name = graphic_5_1;
			productName = graphic_5_1;
			productReference = 824D150C1ECD725500DC8A4D /* graphic_5_1 */;
			productType = "com.apple.product-type.tool";
		};
/* End PBXNativeTarget section */

/* Begin PBXProject section */
		824D15041ECD725500DC8A4D /* Project object */ = {
			isa = PBXProject;
			attributes = {
				LastUpgradeCheck = 0640;
				ORGANIZATIONNAME = "渡辺　基暉";
				TargetAttributes = {
					824D150B1ECD725500DC8A4D = {
						CreatedOnToolsVersion = 6.4;
					};
				};
			};
			buildConfigurationList = 824D15071ECD725500DC8A4D /* Build configuration list for PBXProject "graphic_5_1" */;
			compatibilityVersion = "Xcode 3.2";
			developmentRegion = English;
			hasScannedForEncodings = 0;
			knownRegions = (
				en,
			);
			mainGroup = 824D15031ECD725500DC8A4D;
			productRefGroup = 824D150D1ECD725500DC8A4D /* Products */;
			projectDirPath = "";
			projectRoot = "";
			targets = (
				824D150B1ECD725500DC8A4D /* graphic_5_1 */,
			);
		};
/* End PBXProject section */

/* Begin PBXSourcesBuildPhase section */
		824D15081ECD725500DC8A4D /* Sources */ = {
			isa = PBXSourcesBuildPhase;
			buildActionMask = 2147483647;
			files = (
				824D15101ECD725500DC8A4D /* main.cpp in Sources */,
			);
			runOnlyForDeploymentPostprocessing = 0;
		};
/* End PBXSourcesBuildPhase section */

/* Begin XCBuildConfiguration section */
		824D15111ECD725500DC8A4D /* Debug */ = {
			isa = XCBuildConfiguration;
			buildSettings = {
				ALWAYS_SEARCH_USER_PATHS = NO;
				CLANG_CXX_LANGUAGE_STANDARD = "gnu++0x";
				CLANG_CXX_LIBRARY = "libc++";
				CLANG_ENABLE_MODULES = YES;
				CLANG_ENABLE_OBJC_ARC = YES;
				CLANG_WARN_BOOL_CONVERSION = YES;
				CLANG_WARN_CONSTANT_CONVERSION = YES;
				CLANG_WARN_DIRECT_OBJC_ISA_USAGE = YES_ERROR;
				CLANG_WARN_EMPTY_BODY = YES;
				CLANG_WARN_ENUM_CONVERSION = YES;
				CLANG_WARN_INT_CONVERSION = YES;
				CLANG_WARN_OBJC_ROOT_CLASS = YES_ERROR;
				CLANG_WARN_UNREACHABLE_CODE = YES;
				CLANG_WARN__DUPLICATE_METHOD_MATCH = YES;
				COPY_PHASE_STRIP = NO;
				DEBUG_INFORMATION_FORMAT = dwarf;
				ENABLE_STRICT_OBJC_MSGSEND = YES;
				GCC_C_LANGUAGE_STANDARD = gnu99;
				GCC_DYNAMIC_NO_PIC = NO;
				GCC_NO_COMMON_BLOCKS = YES;
				GCC_OPTIMIZATION_LEVEL = 0;
				GCC_PREPROCESSOR_DEFINITIONS = (
					"DEBUG=1",
					"$(inherited)",
				);
				GCC_SYMBOLS_PRIVATE_EXTERN = NO;
				GCC_WARN_64_TO_32_BIT_CONVERSION = YES;
				GCC_WARN_ABOUT_RETURN_TYPE = YES_ERROR;
				GCC_WARN_UNDECLARED_SELECTOR = YES;
				GCC_WARN_UNINITIALIZED_AUTOS = YES_AGGRESSIVE;
				GCC_WARN_UNUSED_FUNCTION = YES;
				GCC_WARN_UNUSED_VARIABLE = YES;
				MACOSX_DEPLOYMENT_TARGET = 10.10;
				MTL_ENABLE_DEBUG_INFO = YES;
				ONLY_ACTIVE_ARCH = YES;
				SDKROOT = macosx;
			};
			name = Debug;
		};
		824D15121ECD725500DC8A4D /* Release */ = {
			isa = XCBuildConfiguration;
			buildSettings = {
				ALWAYS_SEARCH_USER_PATHS = NO;
				CLANG_CXX_LANGUAGE_STANDARD = "gnu++0x";
				CLANG_CXX_LIBRARY = "libc++";
				CLANG_ENABLE_MODULES = YES;
				CLANG_ENABLE_OBJC_ARC = YES;
				CLANG_WARN_BOOL_CONVERSION = YES;
				CLANG_WARN_CONSTANT_CONVERSION = YES;
				CLANG_WARN_DIRECT_OBJC_ISA_USAGE = YES_ERROR;
				CLANG_WARN_EMPTY_BODY = YES;
				CLANG_WARN_ENUM_CONVERSION = YES;
				CLANG_WARN_INT_CONVERSION = YES;
				CLANG_WARN_OBJC_ROOT_CLASS = YES_ERROR;
				CLANG_WARN_UNREACHABLE_CODE = YES;
				CLANG_WARN__DUPLICATE_METHOD_MATCH = YES;
				COPY_PHASE_STRIP = NO;
				DEBUG_INFORMATION_FORMAT = "dwarf-with-dsym";
				ENABLE_NS_ASSERTIONS = NO;
				ENABLE_STRICT_OBJC_MSGSEND = YES;
				GCC_C_LANGUAGE_STANDARD = gnu99;
				GCC_NO_COMMON_BLOCKS = YES;
				GCC_WARN_64_TO_32_BIT_CONVERSION = YES;
				GCC_WARN_ABOUT_RETURN_TYPE = YES_ERROR;
				GCC_WARN_UNDECLARED_SELECTOR = YES;
				GCC_WARN_UNINITIALIZED_AUTOS = YES_AGGRESSIVE;
				GCC_WARN_UNUSED_FUNCTION = YES;
				GCC_WARN_UNUSED_VARIABLE = YES;
				MACOSX_DEPLOYMENT_TARGET = 10.10;
				MTL_ENABLE_DEBUG_INFO = NO;
				SDKROOT = macosx;
			};
			name = Release;
		};
		824D15141ECD725500DC8A4D /* Debug */ = {
			isa = XCBuildConfiguration;
			buildSettings = {
				PRODUCT_NAME = "$(TARGET_NAME)";
			};
			name = Debug;
		};
		824D15151ECD725500DC8A4D /* Release */ = {
			isa = XCBuildConfiguration;
			buildSettings = {
				PRODUCT_NAME = "$(TARGET_NAME)";
			};
			name = Release;
		};
/* End XCBuildConfiguration section */

/* Begin XCConfigurationList section */
		824D15071ECD725500DC8A4D /* Build configuration list for PBXProject "graphic_5_1" */ = {
			isa = XCConfigurationList;
			buildConfigurations = (
				824D15111ECD725500DC8A4D /* Debug */,
				824D15121ECD725500DC8A4D /* Release */,
			);
			defaultConfigurationIsVisible = 0;
			defaultConfigurationName = Release;
		};
		824D15131ECD725500DC8A4D /* Build configuration list for PBXNativeTarget "graphic_5_1" */ = {
			isa = XCConfigurationList;
			buildConfigurations = (
				824D15141ECD725500DC8A4D /* Debug */,
				824D15151ECD725500DC8A4D /* Release */,
			);
			defaultConfigurationIsVisible = 0;
		};
/* End XCConfigurationList section */
	};
	rootObject = 824D15041ECD725500DC8A4D /* Project object */;
}
